
Microsoft Visual Studio Solution File, Format Version 12.00
# Visual Studio Version 16
VisualStudioVersion = 16.0.30907.101
MinimumVisualStudioVersion = 10.0.40219.1
Project("{FAE04EC0-301F-11D3-BF4B-00C04F79EFBC}") = "Store.Web", "Store.Web\Store.Web.csproj", "{3A7887F5-566D-43A2-AFEE-A93DE67354D5}"
EndProject
Global
	GlobalSection(SolutionConfigurationPlatforms) = preSolution
		Debug|Any CPU = Debug|Any CPU
		Release|Any CPU = Release|Any CPU
	EndGlobalSection
	GlobalSection(ProjectConfigurationPlatforms) = postSolution
		{3A7887F5-566D-43A2-AFEE-A93DE67354D5}.Debug|Any CPU.ActiveCfg = Debug|Any CPU
		{3A7887F5-566D-43A2-AFEE-A93DE67354D5}.Debug|Any CPU.Build.0 = Debug|Any CPU
		{3A7887F5-566D-43A2-AFEE-A93DE67354D5}.Release|Any CPU.ActiveCfg = Release|Any CPU
		{3A7887F5-566D-43A2-AFEE-A93DE67354D5}.Release|Any CPU.Build.0 = Release|Any CPU
	EndGlobalSection
	GlobalSection(SolutionProperties) = preSolution
		HideSolutionNode = FALSE
	EndGlobalSection
	GlobalSection(ExtensibilityGlobals) = postSolution
		SolutionGuid = {CF5C25EE-F4E3-4E1D-B5BF-2EDDE00020ED}
	EndGlobalSection
EndGlobal
